// !$*UTF8*$!
{
	archiveVersion = 1;
	classes = {
	};
	objectVersion = 55;
	objects = {

/* Begin PBXBuildFile section */
		62F520E52707AC910098572C /* AppDelegate.swift in Sources */ = {isa = PBXBuildFile; fileRef = 62F520E42707AC910098572C /* AppDelegate.swift */; };
		62F520E72707AC910098572C /* SceneDelegate.swift in Sources */ = {isa = PBXBuildFile; fileRef = 62F520E62707AC910098572C /* SceneDelegate.swift */; };
		62F520E92707AC910098572C /* ViewController.swift in Sources */ = {isa = PBXBuildFile; fileRef = 62F520E82707AC910098572C /* ViewController.swift */; };
		62F520EC2707AC910098572C /* Main.storyboard in Resources */ = {isa = PBXBuildFile; fileRef = 62F520EA2707AC910098572C /* Main.storyboard */; };
		62F520EE2707AC920098572C /* Assets.xcassets in Resources */ = {isa = PBXBuildFile; fileRef = 62F520ED2707AC920098572C /* Assets.xcassets */; };
		62F520F12707AC920098572C /* LaunchScreen.storyboard in Resources */ = {isa = PBXBuildFile; fileRef = 62F520EF2707AC920098572C /* LaunchScreen.storyboard */; };
		62F520FC2707AC930098572C /* HellokitTests.swift in Sources */ = {isa = PBXBuildFile; fileRef = 62F520FB2707AC930098572C /* HellokitTests.swift */; };
		62F521062707AC930098572C /* HellokitUITests.swift in Sources */ = {isa = PBXBuildFile; fileRef = 62F521052707AC930098572C /* HellokitUITests.swift */; };
		62F521082707AC930098572C /* HellokitUITestsLaunchTests.swift in Sources */ = {isa = PBXBuildFile; fileRef = 62F521072707AC930098572C /* HellokitUITestsLaunchTests.swift */; };
/* End PBXBuildFile section */

/* Begin PBXContainerItemProxy section */
		62F520F82707AC930098572C /* PBXContainerItemProxy */ = {
			isa = PBXContainerItemProxy;
			containerPortal = 62F520D92707AC910098572C /* Project object */;
			proxyType = 1;
			remoteGlobalIDString = 62F520E02707AC910098572C;
			remoteInfo = Hellokit;
		};
		62F521022707AC930098572C /* PBXContainerItemProxy */ = {
			isa = PBXContainerItemProxy;
			containerPortal = 62F520D92707AC910098572C /* Project object */;
			proxyType = 1;
			remoteGlobalIDString = 62F520E02707AC910098572C;
			remoteInfo = Hellokit;
		};
/* End PBXContainerItemProxy section */

/* Begin PBXFileReference section */
		62F520E12707AC910098572C /* Hellokit.app */ = {isa = PBXFileReference; explicitFileType = wrapper.application; includeInIndex = 0; path = Hellokit.app; sourceTree = BUILT_PRODUCTS_DIR; };
		62F520E42707AC910098572C /* AppDelegate.swift */ = {isa = PBXFileReference; lastKnownFileType = sourcecode.swift; path = AppDelegate.swift; sourceTree = "<group>"; };
		62F520E62707AC910098572C /* SceneDelegate.swift */ = {isa = PBXFileReference; lastKnownFileType = sourcecode.swift; path = SceneDelegate.swift; sourceTree = "<group>"; };
		62F520E82707AC910098572C /* ViewController.swift */ = {isa = PBXFileReference; lastKnownFileType = sourcecode.swift; path = ViewController.swift; sourceTree = "<group>"; };
		62F520EB2707AC910098572C /* Base */ = {isa = PBXFileReference; lastKnownFileType = file.storyboard; name = Base; path = Base.lproj/Main.storyboard; sourceTree = "<group>"; };
		62F520ED2707AC920098572C /* Assets.xcassets */ = {isa = PBXFileReference; lastKnownFileType = folder.assetcatalog; path = Assets.xcassets; sourceTree = "<group>"; };
		62F520F02707AC920098572C /* Base */ = {isa = PBXFileReference; lastKnownFileType = file.storyboard; name = Base; path = Base.lproj/LaunchScreen.storyboard; sourceTree = "<group>"; };
		62F520F22707AC920098572C /* Info.plist */ = {isa = PBXFileReference; lastKnownFileType = text.plist.xml; path = Info.plist; sourceTree = "<group>"; };
		62F520F72707AC930098572C /* HellokitTests.xctest */ = {isa = PBXFileReference; explicitFileType = wrapper.cfbundle; includeInIndex = 0; path = HellokitTests.xctest; sourceTree = BUILT_PRODUCTS_DIR; };
		62F520FB2707AC930098572C /* HellokitTests.swift */ = {isa = PBXFileReference; lastKnownFileType = sourcecode.swift; path = HellokitTests.swift; sourceTree = "<group>"; };
		62F521012707AC930098572C /* HellokitUITests.xctest */ = {isa = PBXFileReference; explicitFileType = wrapper.cfbundle; includeInIndex = 0; path = HellokitUITests.xctest; sourceTree = BUILT_PRODUCTS_DIR; };
		62F521052707AC930098572C /* HellokitUITests.swift */ = {isa = PBXFileReference; lastKnownFileType = sourcecode.swift; path = HellokitUITests.swift; sourceTree = "<group>"; };
		62F521072707AC930098572C /* HellokitUITestsLaunchTests.swift */ = {isa = PBXFileReference; lastKnownFileType = sourcecode.swift; path = HellokitUITestsLaunchTests.swift; sourceTree = "<group>"; };
/* End PBXFileReference section */

/* Begin PBXFrameworksBuildPhase section */
		62F520DE2707AC910098572C /* Frameworks */ = {
			isa = PBXFrameworksBuildPhase;
			buildActionMask = 2147483647;
			files = (
			);
			runOnlyForDeploymentPostprocessing = 0;
		};
		62F520F42707AC930098572C /* Frameworks */ = {
			isa = PBXFrameworksBuildPhase;
			buildActionMask = 2147483647;
			files = (
			);
			runOnlyForDeploymentPostprocessing = 0;
		};
		62F520FE2707AC930098572C /* Frameworks */ = {
			isa = PBXFrameworksBuildPhase;
			buildActionMask = 2147483647;
			files = (
			);
			runOnlyForDeploymentPostprocessing = 0;
		};
/* End PBXFrameworksBuildPhase section */

/* Begin PBXGroup section */
		62F520D82707AC910098572C = {
			isa = PBXGroup;
			children = (
				62F520E32707AC910098572C /* Hellokit */,
				62F520FA2707AC930098572C /* HellokitTests */,
				62F521042707AC930098572C /* HellokitUITests */,
				62F520E22707AC910098572C /* Products */,
			);
			sourceTree = "<group>";
		};
		62F520E22707AC910098572C /* Products */ = {
			isa = PBXGroup;
			children = (
				62F520E12707AC910098572C /* Hellokit.app */,
				62F520F72707AC930098572C /* HellokitTests.xctest */,
				62F521012707AC930098572C /* HellokitUITests.xctest */,
			);
			name = Products;
			sourceTree = "<group>";
		};
		62F520E32707AC910098572C /* Hellokit */ = {
			isa = PBXGroup;
			children = (
				62F520E42707AC910098572C /* AppDelegate.swift */,
				62F520E62707AC910098572C /* SceneDelegate.swift */,
				62F520E82707AC910098572C /* ViewController.swift */,
				62F520EA2707AC910098572C /* Main.storyboard */,
				62F520ED2707AC920098572C /* Assets.xcassets */,
				62F520EF2707AC920098572C /* LaunchScreen.storyboard */,
				62F520F22707AC920098572C /* Info.plist */,
			);
			path = Hellokit;
			sourceTree = "<group>";
		};
		62F520FA2707AC930098572C /* HellokitTests */ = {
			isa = PBXGroup;
			children = (
				62F520FB2707AC930098572C /* HellokitTests.swift */,
			);
			path = HellokitTests;
			sourceTree = "<group>";
		};
		62F521042707AC930098572C /* HellokitUITests */ = {
			isa = PBXGroup;
			children = (
				62F521052707AC930098572C /* HellokitUITests.swift */,
				62F521072707AC930098572C /* HellokitUITestsLaunchTests.swift */,
			);
			path = HellokitUITests;
			sourceTree = "<group>";
		};
/* End PBXGroup section */

/* Begin PBXNativeTarget section */
		62F520E02707AC910098572C /* Hellokit */ = {
			isa = PBXNativeTarget;
			buildConfigurationList = 62F5210B2707AC930098572C /* Build configuration list for PBXNativeTarget "Hellokit" */;
			buildPhases = (
				62F520DD2707AC910098572C /* Sources */,
				62F520DE2707AC910098572C /* Frameworks */,
				62F520DF2707AC910098572C /* Resources */,
			);
			buildRules = (
			);
			dependencies = (
			);
			name = Hellokit;
			productName = Hellokit;
			productReference = 62F520E12707AC910098572C /* Hellokit.app */;
			productType = "com.apple.product-type.application";
		};
		62F520F62707AC930098572C /* HellokitTests */ = {
			isa = PBXNativeTarget;
			buildConfigurationList = 62F5210E2707AC930098572C /* Build configuration list for PBXNativeTarget "HellokitTests" */;
			buildPhases = (
				62F520F32707AC930098572C /* Sources */,
				62F520F42707AC930098572C /* Frameworks */,
				62F520F52707AC930098572C /* Resources */,
			);
			buildRules = (
			);
			dependencies = (
				62F520F92707AC930098572C /* PBXTargetDependency */,
			);
			name = HellokitTests;
			productName = HellokitTests;
			productReference = 62F520F72707AC930098572C /* HellokitTests.xctest */;
			productType = "com.apple.product-type.bundle.unit-test";
		};
		62F521002707AC930098572C /* HellokitUITests */ = {
			isa = PBXNativeTarget;
			buildConfigurationList = 62F521112707AC930098572C /* Build configuration list for PBXNativeTarget "HellokitUITests" */;
			buildPhases = (
				62F520FD2707AC930098572C /* Sources */,
				62F520FE2707AC930098572C /* Frameworks */,
				62F520FF2707AC930098572C /* Resources */,
			);
			buildRules = (
			);
			dependencies = (
				62F521032707AC930098572C /* PBXTargetDependency */,
			);
			name = HellokitUITests;
			productName = HellokitUITests;
			productReference = 62F521012707AC930098572C /* HellokitUITests.xctest */;
			productType = "com.apple.product-type.bundle.ui-testing";
		};
/* End PBXNativeTarget section */

/* Begin PBXProject section */
		62F520D92707AC910098572C /* Project object */ = {
			isa = PBXProject;
			attributes = {
				BuildIndependentTargetsInParallel = 1;
				LastSwiftUpdateCheck = 1300;
				LastUpgradeCheck = 1300;
				TargetAttributes = {
					62F520E02707AC910098572C = {
						CreatedOnToolsVersion = 13.0;
					};
					62F520F62707AC930098572C = {
						CreatedOnToolsVersion = 13.0;
						TestTargetID = 62F520E02707AC910098572C;
					};
					62F521002707AC930098572C = {
						CreatedOnToolsVersion = 13.0;
						TestTargetID = 62F520E02707AC910098572C;
					};
				};
			};
			buildConfigurationList = 62F520DC2707AC910098572C /* Build configuration list for PBXProject "Hellokit" */;
			compatibilityVersion = "Xcode 13.0";
			developmentRegion = en;
			hasScannedForEncodings = 0;
			knownRegions = (
				en,
				Base,
			);
			mainGroup = 62F520D82707AC910098572C;
			productRefGroup = 62F520E22707AC910098572C /* Products */;
			projectDirPath = "";
			projectRoot = "";
			targets = (
				62F520E02707AC910098572C /* Hellokit */,
				62F520F62707AC930098572C /* HellokitTests */,
				62F521002707AC930098572C /* HellokitUITests */,
			);
		};
/* End PBXProject section */

/* Begin PBXResourcesBuildPhase section */
		62F520DF2707AC910098572C /* Resources */ = {
			isa = PBXResourcesBuildPhase;
			buildActionMask = 2147483647;
			files = (
				62F520F12707AC920098572C /* LaunchScreen.storyboard in Resources */,
				62F520EE2707AC920098572C /* Assets.xcassets in Resources */,
				62F520EC2707AC910098572C /* Main.storyboard in Resources */,
			);
			runOnlyForDeploymentPostprocessing = 0;
		};
		62F520F52707AC930098572C /* Resources */ = {
			isa = PBXResourcesBuildPhase;
			buildActionMask = 2147483647;
			files = (
			);
			runOnlyForDeploymentPostprocessing = 0;
		};
		62F520FF2707AC930098572C /* Resources */ = {
			isa = PBXResourcesBuildPhase;
			buildActionMask = 2147483647;
			files = (
			);
			runOnlyForDeploymentPostprocessing = 0;
		};
/* End PBXResourcesBuildPhase section */

/* Begin PBXSourcesBuildPhase section */
		62F520DD2707AC910098572C /* Sources */ = {
			isa = PBXSourcesBuildPhase;
			buildActionMask = 2147483647;
			files = (
				62F520E92707AC910098572C /* ViewController.swift in Sources */,
				62F520E52707AC910098572C /* AppDelegate.swift in Sources */,
				62F520E72707AC910098572C /* SceneDelegate.swift in Sources */,
			);
			runOnlyForDeploymentPostprocessing = 0;
		};
		62F520F32707AC930098572C /* Sources */ = {
			isa = PBXSourcesBuildPhase;
			buildActionMask = 2147483647;
			files = (
				62F520FC2707AC930098572C /* HellokitTests.swift in Sources */,
			);
			runOnlyForDeploymentPostprocessing = 0;
		};
		62F520FD2707AC930098572C /* Sources */ = {
			isa = PBXSourcesBuildPhase;
			buildActionMask = 2147483647;
			files = (
				62F521082707AC930098572C /* HellokitUITestsLaunchTests.swift in Sources */,
				62F521062707AC930098572C /* HellokitUITests.swift in Sources */,
			);
			runOnlyForDeploymentPostprocessing = 0;
		};
/* End PBXSourcesBuildPhase section */

/* Begin PBXTargetDependency section */
		62F520F92707AC930098572C /* PBXTargetDependency */ = {
			isa = PBXTargetDependency;
			target = 62F520E02707AC910098572C /* Hellokit */;
			targetProxy = 62F520F82707AC930098572C /* PBXContainerItemProxy */;
		};
		62F521032707AC930098572C /* PBXTargetDependency */ = {
			isa = PBXTargetDependency;
			target = 62F520E02707AC910098572C /* Hellokit */;
			targetProxy = 62F521022707AC930098572C /* PBXContainerItemProxy */;
		};
/* End PBXTargetDependency section */

/* Begin PBXVariantGroup section */
		62F520EA2707AC910098572C /* Main.storyboard */ = {
			isa = PBXVariantGroup;
			children = (
				62F520EB2707AC910098572C /* Base */,
			);
			name = Main.storyboard;
			sourceTree = "<group>";
		};
		62F520EF2707AC920098572C /* LaunchScreen.storyboard */ = {
			isa = PBXVariantGroup;
			children = (
				62F520F02707AC920098572C /* Base */,
			);
			name = LaunchScreen.storyboard;
			sourceTree = "<group>";
		};
/* End PBXVariantGroup section */

/* Begin XCBuildConfiguration section */
		62F521092707AC930098572C /* Debug */ = {
			isa = XCBuildConfiguration;
			buildSettings = {
				ALWAYS_SEARCH_USER_PATHS = NO;
				CLANG_ANALYZER_NONNULL = YES;
				CLANG_ANALYZER_NUMBER_OBJECT_CONVERSION = YES_AGGRESSIVE;
				CLANG_CXX_LANGUAGE_STANDARD = "gnu++17";
				CLANG_CXX_LIBRARY = "libc++";
				CLANG_ENABLE_MODULES = YES;
				CLANG_ENABLE_OBJC_ARC = YES;
				CLANG_ENABLE_OBJC_WEAK = YES;
				CLANG_WARN_BLOCK_CAPTURE_AUTORELEASING = YES;
				CLANG_WARN_BOOL_CONVERSION = YES;
				CLANG_WARN_COMMA = YES;
				CLANG_WARN_CONSTANT_CONVERSION = YES;
				CLANG_WARN_DEPRECATED_OBJC_IMPLEMENTATIONS = YES;
				CLANG_WARN_DIRECT_OBJC_ISA_USAGE = YES_ERROR;
				CLANG_WARN_DOCUMENTATION_COMMENTS = YES;
				CLANG_WARN_EMPTY_BODY = YES;
				CLANG_WARN_ENUM_CONVERSION = YES;
				CLANG_WARN_INFINITE_RECURSION = YES;
				CLANG_WARN_INT_CONVERSION = YES;
				CLANG_WARN_NON_LITERAL_NULL_CONVERSION = YES;
				CLANG_WARN_OBJC_IMPLICIT_RETAIN_SELF = YES;
				CLANG_WARN_OBJC_LITERAL_CONVERSION = YES;
				CLANG_WARN_OBJC_ROOT_CLASS = YES_ERROR;
				CLANG_WARN_QUOTED_INCLUDE_IN_FRAMEWORK_HEADER = YES;
				CLANG_WARN_RANGE_LOOP_ANALYSIS = YES;
				CLANG_WARN_STRICT_PROTOTYPES = YES;
				CLANG_WARN_SUSPICIOUS_MOVE = YES;
				CLANG_WARN_UNGUARDED_AVAILABILITY = YES_AGGRESSIVE;
				CLANG_WARN_UNREACHABLE_CODE = YES;
				CLANG_WARN__DUPLICATE_METHOD_MATCH = YES;
				COPY_PHASE_STRIP = NO;
				DEBUG_INFORMATION_FORMAT = dwarf;
				ENABLE_STRICT_OBJC_MSGSEND = YES;
				ENABLE_TESTABILITY = YES;
				GCC_C_LANGUAGE_STANDARD = gnu11;
				GCC_DYNAMIC_NO_PIC = NO;
				GCC_NO_COMMON_BLOCKS = YES;
				GCC_OPTIMIZATION_LEVEL = 0;
				GCC_PREPROCESSOR_DEFINITIONS = (
					"DEBUG=1",
					"$(inherited)",
				);
				GCC_WARN_64_TO_32_BIT_CONVERSION = YES;
				GCC_WARN_ABOUT_RETURN_TYPE = YES_ERROR;
				GCC_WARN_UNDECLARED_SELECTOR = YES;
				GCC_WARN_UNINITIALIZED_AUTOS = YES_AGGRESSIVE;
				GCC_WARN_UNUSED_FUNCTION = YES;
				GCC_WARN_UNUSED_VARIABLE = YES;
				IPHONEOS_DEPLOYMENT_TARGET = 15.0;
				MTL_ENABLE_DEBUG_INFO = INCLUDE_SOURCE;
				MTL_FAST_MATH = YES;
				ONLY_ACTIVE_ARCH = YES;
				SDKROOT = iphoneos;
				SWIFT_ACTIVE_COMPILATION_CONDITIONS = DEBUG;
				SWIFT_OPTIMIZATION_LEVEL = "-Onone";
			};
			name = Debug;
		};
		62F5210A2707AC930098572C /* Release */ = {
			isa = XCBuildConfiguration;
			buildSettings = {
				ALWAYS_SEARCH_USER_PATHS = NO;
				CLANG_ANALYZER_NONNULL = YES;
				CLANG_ANALYZER_NUMBER_OBJECT_CONVERSION = YES_AGGRESSIVE;
				CLANG_CXX_LANGUAGE_STANDARD = "gnu++17";
				CLANG_CXX_LIBRARY = "libc++";
				CLANG_ENABLE_MODULES = YES;
				CLANG_ENABLE_OBJC_ARC = YES;
				CLANG_ENABLE_OBJC_WEAK = YES;
				CLANG_WARN_BLOCK_CAPTURE_AUTORELEASING = YES;
				CLANG_WARN_BOOL_CONVERSION = YES;
				CLANG_WARN_COMMA = YES;
				CLANG_WARN_CONSTANT_CONVERSION = YES;
				CLANG_WARN_DEPRECATED_OBJC_IMPLEMENTATIONS = YES;
				CLANG_WARN_DIRECT_OBJC_ISA_USAGE = YES_ERROR;
				CLANG_WARN_DOCUMENTATION_COMMENTS = YES;
				CLANG_WARN_EMPTY_BODY = YES;
				CLANG_WARN_ENUM_CONVERSION = YES;
				CLANG_WARN_INFINITE_RECURSION = YES;
				CLANG_WARN_INT_CONVERSION = YES;
				CLANG_WARN_NON_LITERAL_NULL_CONVERSION = YES;
				CLANG_WARN_OBJC_IMPLICIT_RETAIN_SELF = YES;
				CLANG_WARN_OBJC_LITERAL_CONVERSION = YES;
				CLANG_WARN_OBJC_ROOT_CLASS = YES_ERROR;
				CLANG_WARN_QUOTED_INCLUDE_IN_FRAMEWORK_HEADER = YES;
				CLANG_WARN_RANGE_LOOP_ANALYSIS = YES;
				CLANG_WARN_STRICT_PROTOTYPES = YES;
				CLANG_WARN_SUSPICIOUS_MOVE = YES;
				CLANG_WARN_UNGUARDED_AVAILABILITY = YES_AGGRESSIVE;
				CLANG_WARN_UNREACHABLE_CODE = YES;
				CLANG_WARN__DUPLICATE_METHOD_MATCH = YES;
				COPY_PHASE_STRIP = NO;
				DEBUG_INFORMATION_FORMAT = "dwarf-with-dsym";
				ENABLE_NS_ASSERTIONS = NO;
				ENABLE_STRICT_OBJC_MSGSEND = YES;
				GCC_C_LANGUAGE_STANDARD = gnu11;
				GCC_NO_COMMON_BLOCKS = YES;
				GCC_WARN_64_TO_32_BIT_CONVERSION = YES;
				GCC_WARN_ABOUT_RETURN_TYPE = YES_ERROR;
				GCC_WARN_UNDECLARED_SELECTOR = YES;
				GCC_WARN_UNINITIALIZED_AUTOS = YES_AGGRESSIVE;
				GCC_WARN_UNUSED_FUNCTION = YES;
				GCC_WARN_UNUSED_VARIABLE = YES;
				IPHONEOS_DEPLOYMENT_TARGET = 15.0;
				MTL_ENABLE_DEBUG_INFO = NO;
				MTL_FAST_MATH = YES;
				SDKROOT = iphoneos;
				SWIFT_COMPILATION_MODE = wholemodule;
				SWIFT_OPTIMIZATION_LEVEL = "-O";
				VALIDATE_PRODUCT = YES;
			};
			name = Release;
		};
		62F5210C2707AC930098572C /* Debug */ = {
			isa = XCBuildConfiguration;
			buildSettings = {
				ASSETCATALOG_COMPILER_APPICON_NAME = AppIcon;
				ASSETCATALOG_COMPILER_GLOBAL_ACCENT_COLOR_NAME = AccentColor;
				CODE_SIGN_STYLE = Automatic;
				CURRENT_PROJECT_VERSION = 1;
				DEVELOPMENT_TEAM = 2S4D2599PC;
				GENERATE_INFOPLIST_FILE = YES;
				INFOPLIST_FILE = Hellokit/Info.plist;
				INFOPLIST_KEY_UIApplicationSupportsIndirectInputEvents = YES;
				INFOPLIST_KEY_UILaunchStoryboardName = LaunchScreen;
				INFOPLIST_KEY_UIMainStoryboardFile = Main;
				INFOPLIST_KEY_UISupportedInterfaceOrientations_iPad = "UIInterfaceOrientationPortrait UIInterfaceOrientationPortraitUpsideDown UIInterfaceOrientationLandscapeLeft UIInterfaceOrientationLandscapeRight";
				INFOPLIST_KEY_UISupportedInterfaceOrientations_iPhone = "UIInterfaceOrientationPortrait UIInterfaceOrientationLandscapeLeft UIInterfaceOrientationLandscapeRight";
				LD_RUNPATH_SEARCH_PATHS = (
					"$(inherited)",
					"@executable_path/Frameworks",
				);
				MARKETING_VERSION = 1.0;
				PRODUCT_BUNDLE_IDENTIFIER = com.vova.Hellokit;
				PRODUCT_NAME = "$(TARGET_NAME)";
				SWIFT_EMIT_LOC_STRINGS = YES;
				SWIFT_VERSION = 5.0;
				TARGETED_DEVICE_FAMILY = "1,2";
			};
			name = Debug;
		};
		62F5210D2707AC930098572C /* Release */ = {
			isa = XCBuildConfiguration;
			buildSettings = {
				ASSETCATALOG_COMPILER_APPICON_NAME = AppIcon;
				ASSETCATALOG_COMPILER_GLOBAL_ACCENT_COLOR_NAME = AccentColor;
				CODE_SIGN_STYLE = Automatic;
				CURRENT_PROJECT_VERSION = 1;
				DEVELOPMENT_TEAM = 2S4D2599PC;
				GENERATE_INFOPLIST_FILE = YES;
				INFOPLIST_FILE = Hellokit/Info.plist;
				INFOPLIST_KEY_UIApplicationSupportsIndirectInputEvents = YES;
				INFOPLIST_KEY_UILaunchStoryboardName = LaunchScreen;
				INFOPLIST_KEY_UIMainStoryboardFile = Main;
				INFOPLIST_KEY_UISupportedInterfaceOrientations_iPad = "UIInterfaceOrientationPortrait UIInterfaceOrientationPortraitUpsideDown UIInterfaceOrientationLandscapeLeft UIInterfaceOrientationLandscapeRight";
				INFOPLIST_KEY_UISupportedInterfaceOrientations_iPhone = "UIInterfaceOrientationPortrait UIInterfaceOrientationLandscapeLeft UIInterfaceOrientationLandscapeRight";
				LD_RUNPATH_SEARCH_PATHS = (
					"$(inherited)",
					"@executable_path/Frameworks",
				);
				MARKETING_VERSION = 1.0;
				PRODUCT_BUNDLE_IDENTIFIER = com.vova.Hellokit;
				PRODUCT_NAME = "$(TARGET_NAME)";
				SWIFT_EMIT_LOC_STRINGS = YES;
				SWIFT_VERSION = 5.0;
				TARGETED_DEVICE_FAMILY = "1,2";
			};
			name = Release;
		};
		62F5210F2707AC930098572C /* Debug */ = {
			isa = XCBuildConfiguration;
			buildSettings = {
				ALWAYS_EMBED_SWIFT_STANDARD_LIBRARIES = YES;
				BUNDLE_LOADER = "$(TEST_HOST)";
				CODE_SIGN_STYLE = Automatic;
				CURRENT_PROJECT_VERSION = 1;
				DEVELOPMENT_TEAM = 2S4D2599PC;
				GENERATE_INFOPLIST_FILE = YES;
				IPHONEOS_DEPLOYMENT_TARGET = 15.0;
				LD_RUNPATH_SEARCH_PATHS = (
					"$(inherited)",
					"@executable_path/Frameworks",
					"@loader_path/Frameworks",
				);
				MARKETING_VERSION = 1.0;
				PRODUCT_BUNDLE_IDENTIFIER = com.vova.HellokitTests;
				PRODUCT_NAME = "$(TARGET_NAME)";
				SWIFT_EMIT_LOC_STRINGS = NO;
				SWIFT_VERSION = 5.0;
				TARGETED_DEVICE_FAMILY = "1,2";
				TEST_HOST = "$(BUILT_PRODUCTS_DIR)/Hellokit.app/Hellokit";
			};
			name = Debug;
		};
		62F521102707AC930098572C /* Release */ = {
			isa = XCBuildConfiguration;
			buildSettings = {
				ALWAYS_EMBED_SWIFT_STANDARD_LIBRARIES = YES;
				BUNDLE_LOADER = "$(TEST_HOST)";
				CODE_SIGN_STYLE = Automatic;
				CURRENT_PROJECT_VERSION = 1;
				DEVELOPMENT_TEAM = 2S4D2599PC;
				GENERATE_INFOPLIST_FILE = YES;
				IPHONEOS_DEPLOYMENT_TARGET = 15.0;
				LD_RUNPATH_SEARCH_PATHS = (
					"$(inherited)",
					"@executable_path/Frameworks",
					"@loader_path/Frameworks",
				);
				MARKETING_VERSION = 1.0;
				PRODUCT_BUNDLE_IDENTIFIER = com.vova.HellokitTests;
				PRODUCT_NAME = "$(TARGET_NAME)";
				SWIFT_EMIT_LOC_STRINGS = NO;
				SWIFT_VERSION = 5.0;
				TARGETED_DEVICE_FAMILY = "1,2";
				TEST_HOST = "$(BUILT_PRODUCTS_DIR)/Hellokit.app/Hellokit";
			};
			name = Release;
		};
		62F521122707AC930098572C /* Debug */ = {
			isa = XCBuildConfiguration;
			buildSettings = {
				ALWAYS_EMBED_SWIFT_STANDARD_LIBRARIES = YES;
				CODE_SIGN_STYLE = Automatic;
				CURRENT_PROJECT_VERSION = 1;
				DEVELOPMENT_TEAM = 2S4D2599PC;
				GENERATE_INFOPLIST_FILE = YES;
				LD_RUNPATH_SEARCH_PATHS = (
					"$(inherited)",
					"@executable_path/Frameworks",
					"@loader_path/Frameworks",
				);
				MARKETING_VERSION = 1.0;
				PRODUCT_BUNDLE_IDENTIFIER = com.vova.HellokitUITests;
				PRODUCT_NAME = "$(TARGET_NAME)";
				SWIFT_EMIT_LOC_STRINGS = NO;
				SWIFT_VERSION = 5.0;
				TARGETED_DEVICE_FAMILY = "1,2";
				TEST_TARGET_NAME = Hellokit;
			};
			name = Debug;
		};
		62F521132707AC930098572C /* Release */ = {
			isa = XCBuildConfiguration;
			buildSettings = {
				ALWAYS_EMBED_SWIFT_STANDARD_LIBRARIES = YES;
				CODE_SIGN_STYLE = Automatic;
				CURRENT_PROJECT_VERSION = 1;
				DEVELOPMENT_TEAM = 2S4D2599PC;
				GENERATE_INFOPLIST_FILE = YES;
				LD_RUNPATH_SEARCH_PATHS = (
					"$(inherited)",
					"@executable_path/Frameworks",
					"@loader_path/Frameworks",
				);
				MARKETING_VERSION = 1.0;
				PRODUCT_BUNDLE_IDENTIFIER = com.vova.HellokitUITests;
				PRODUCT_NAME = "$(TARGET_NAME)";
				SWIFT_EMIT_LOC_STRINGS = NO;
				SWIFT_VERSION = 5.0;
				TARGETED_DEVICE_FAMILY = "1,2";
				TEST_TARGET_NAME = Hellokit;
			};
			name = Release;
		};
/* End XCBuildConfiguration section */

/* Begin XCConfigurationList section */
		62F520DC2707AC910098572C /* Build configuration list for PBXProject "Hellokit" */ = {
			isa = XCConfigurationList;
			buildConfigurations = (
				62F521092707AC930098572C /* Debug */,
				62F5210A2707AC930098572C /* Release */,
			);
			defaultConfigurationIsVisible = 0;
			defaultConfigurationName = Release;
		};
		62F5210B2707AC930098572C /* Build configuration list for PBXNativeTarget "Hellokit" */ = {
			isa = XCConfigurationList;
			buildConfigurations = (
				62F5210C2707AC930098572C /* Debug */,
				62F5210D2707AC930098572C /* Release */,
			);
			defaultConfigurationIsVisible = 0;
			defaultConfigurationName = Release;
		};
		62F5210E2707AC930098572C /* Build configuration list for PBXNativeTarget "HellokitTests" */ = {
			isa = XCConfigurationList;
			buildConfigurations = (
				62F5210F2707AC930098572C /* Debug */,
				62F521102707AC930098572C /* Release */,
			);
			defaultConfigurationIsVisible = 0;
			defaultConfigurationName = Release;
		};
		62F521112707AC930098572C /* Build configuration list for PBXNativeTarget "HellokitUITests" */ = {
			isa = XCConfigurationList;
			buildConfigurations = (
				62F521122707AC930098572C /* Debug */,
				62F521132707AC930098572C /* Release */,
			);
			defaultConfigurationIsVisible = 0;
			defaultConfigurationName = Release;
		};
/* End XCConfigurationList section */
	};
	rootObject = 62F520D92707AC910098572C /* Project object */;
}
